
Microsoft Visual Studio Solution File, Format Version 12.00
# Visual Studio 14
VisualStudioVersion = 14.0.25123.0
MinimumVisualStudioVersion = 10.0.40219.1
Project("{FAE04EC0-301F-11D3-BF4B-00C04F79EFBC}") = "ASP.NET.1607.Day1.Task6.Suhov", "ASP.NET.1607.Day1.Task6.Suhov\ASP.NET.1607.Day1.Task6.Suhov.csproj", "{AE63E3CE-3096-4980-BCCB-5A84FBAE26A0}"
EndProject
Project("{FAE04EC0-301F-11D3-BF4B-00C04F79EFBC}") = "ASP.NET.1607.Day1.Task6.Suhov.Tests", "ASP.NET.1607.Day1.Task6.Suhov.Tests\ASP.NET.1607.Day1.Task6.Suhov.Tests.csproj", "{4DAF97AC-85EC-4488-8C98-956ED87B5CCB}"
EndProject
Global
	GlobalSection(SolutionConfigurationPlatforms) = preSolution
		Debug|Any CPU = Debug|Any CPU
		Release|Any CPU = Release|Any CPU
	EndGlobalSection
	GlobalSection(ProjectConfigurationPlatforms) = postSolution
		{AE63E3CE-3096-4980-BCCB-5A84FBAE26A0}.Debug|Any CPU.ActiveCfg = Debug|Any CPU
		{AE63E3CE-3096-4980-BCCB-5A84FBAE26A0}.Debug|Any CPU.Build.0 = Debug|Any CPU
		{AE63E3CE-3096-4980-BCCB-5A84FBAE26A0}.Release|Any CPU.ActiveCfg = Release|Any CPU
		{AE63E3CE-3096-4980-BCCB-5A84FBAE26A0}.Release|Any CPU.Build.0 = Release|Any CPU
		{4DAF97AC-85EC-4488-8C98-956ED87B5CCB}.Debug|Any CPU.ActiveCfg = Debug|Any CPU
		{4DAF97AC-85EC-4488-8C98-956ED87B5CCB}.Debug|Any CPU.Build.0 = Debug|Any CPU
		{4DAF97AC-85EC-4488-8C98-956ED87B5CCB}.Release|Any CPU.ActiveCfg = Release|Any CPU
		{4DAF97AC-85EC-4488-8C98-956ED87B5CCB}.Release|Any CPU.Build.0 = Release|Any CPU
	EndGlobalSection
	GlobalSection(SolutionProperties) = preSolution
		HideSolutionNode = FALSE
	EndGlobalSection
EndGlobal
